
Microsoft Visual Studio Solution File, Format Version 12.00
# Visual Studio Version 17
VisualStudioVersion = 17.0.31903.59
MinimumVisualStudioVersion = 10.0.40219.1
Project("{FAE04EC0-301F-11D3-BF4B-00C04F79EFBC}") = "API", "API\API.csproj", "{6FDA256B-5CD8-47D1-ADF4-8733BB48AD42}"
EndProject
Project("{FAE04EC0-301F-11D3-BF4B-00C04F79EFBC}") = "Domain", "Domain\Domain.csproj", "{B45DB2C9-7EDA-4DB2-82EA-891E848DF120}"
EndProject
Project("{FAE04EC0-301F-11D3-BF4B-00C04F79EFBC}") = "Application", "Application\Application.csproj", "{8026F387-C62E-4D35-8BD6-F818F9EAEEDA}"
EndProject
Project("{FAE04EC0-301F-11D3-BF4B-00C04F79EFBC}") = "Persistence", "Persistence\Persistence.csproj", "{747ABDD6-0AD6-497B-BD73-8BDC2D8ED12E}"
EndProject
Project("{FAE04EC0-301F-11D3-BF4B-00C04F79EFBC}") = "Infrastructure", "Infrastructure\Infrastructure.csproj", "{5FC31367-3EDF-48AE-96E0-D6B13226D19B}"
EndProject
Global
	GlobalSection(SolutionConfigurationPlatforms) = preSolution
		Debug|Any CPU = Debug|Any CPU
		Debug|x64 = Debug|x64
		Debug|x86 = Debug|x86
		Release|Any CPU = Release|Any CPU
		Release|x64 = Release|x64
		Release|x86 = Release|x86
	EndGlobalSection
	GlobalSection(ProjectConfigurationPlatforms) = postSolution
		{6FDA256B-5CD8-47D1-ADF4-8733BB48AD42}.Debug|Any CPU.ActiveCfg = Debug|Any CPU
		{6FDA256B-5CD8-47D1-ADF4-8733BB48AD42}.Debug|Any CPU.Build.0 = Debug|Any CPU
		{6FDA256B-5CD8-47D1-ADF4-8733BB48AD42}.Debug|x64.ActiveCfg = Debug|Any CPU
		{6FDA256B-5CD8-47D1-ADF4-8733BB48AD42}.Debug|x64.Build.0 = Debug|Any CPU
		{6FDA256B-5CD8-47D1-ADF4-8733BB48AD42}.Debug|x86.ActiveCfg = Debug|Any CPU
		{6FDA256B-5CD8-47D1-ADF4-8733BB48AD42}.Debug|x86.Build.0 = Debug|Any CPU
		{6FDA256B-5CD8-47D1-ADF4-8733BB48AD42}.Release|Any CPU.ActiveCfg = Release|Any CPU
		{6FDA256B-5CD8-47D1-ADF4-8733BB48AD42}.Release|Any CPU.Build.0 = Release|Any CPU
		{6FDA256B-5CD8-47D1-ADF4-8733BB48AD42}.Release|x64.ActiveCfg = Release|Any CPU
		{6FDA256B-5CD8-47D1-ADF4-8733BB48AD42}.Release|x64.Build.0 = Release|Any CPU
		{6FDA256B-5CD8-47D1-ADF4-8733BB48AD42}.Release|x86.ActiveCfg = Release|Any CPU
		{6FDA256B-5CD8-47D1-ADF4-8733BB48AD42}.Release|x86.Build.0 = Release|Any CPU
		{B45DB2C9-7EDA-4DB2-82EA-891E848DF120}.Debug|Any CPU.ActiveCfg = Debug|Any CPU
		{B45DB2C9-7EDA-4DB2-82EA-891E848DF120}.Debug|Any CPU.Build.0 = Debug|Any CPU
		{B45DB2C9-7EDA-4DB2-82EA-891E848DF120}.Debug|x64.ActiveCfg = Debug|Any CPU
		{B45DB2C9-7EDA-4DB2-82EA-891E848DF120}.Debug|x64.Build.0 = Debug|Any CPU
		{B45DB2C9-7EDA-4DB2-82EA-891E848DF120}.Debug|x86.ActiveCfg = Debug|Any CPU
		{B45DB2C9-7EDA-4DB2-82EA-891E848DF120}.Debug|x86.Build.0 = Debug|Any CPU
		{B45DB2C9-7EDA-4DB2-82EA-891E848DF120}.Release|Any CPU.ActiveCfg = Release|Any CPU
		{B45DB2C9-7EDA-4DB2-82EA-891E848DF120}.Release|Any CPU.Build.0 = Release|Any CPU
		{B45DB2C9-7EDA-4DB2-82EA-891E848DF120}.Release|x64.ActiveCfg = Release|Any CPU
		{B45DB2C9-7EDA-4DB2-82EA-891E848DF120}.Release|x64.Build.0 = Release|Any CPU
		{B45DB2C9-7EDA-4DB2-82EA-891E848DF120}.Release|x86.ActiveCfg = Release|Any CPU
		{B45DB2C9-7EDA-4DB2-82EA-891E848DF120}.Release|x86.Build.0 = Release|Any CPU
		{8026F387-C62E-4D35-8BD6-F818F9EAEEDA}.Debug|Any CPU.ActiveCfg = Debug|Any CPU
		{8026F387-C62E-4D35-8BD6-F818F9EAEEDA}.Debug|Any CPU.Build.0 = Debug|Any CPU
		{8026F387-C62E-4D35-8BD6-F818F9EAEEDA}.Debug|x64.ActiveCfg = Debug|Any CPU
		{8026F387-C62E-4D35-8BD6-F818F9EAEEDA}.Debug|x64.Build.0 = Debug|Any CPU
		{8026F387-C62E-4D35-8BD6-F818F9EAEEDA}.Debug|x86.ActiveCfg = Debug|Any CPU
		{8026F387-C62E-4D35-8BD6-F818F9EAEEDA}.Debug|x86.Build.0 = Debug|Any CPU
		{8026F387-C62E-4D35-8BD6-F818F9EAEEDA}.Release|Any CPU.ActiveCfg = Release|Any CPU
		{8026F387-C62E-4D35-8BD6-F818F9EAEEDA}.Release|Any CPU.Build.0 = Release|Any CPU
		{8026F387-C62E-4D35-8BD6-F818F9EAEEDA}.Release|x64.ActiveCfg = Release|Any CPU
		{8026F387-C62E-4D35-8BD6-F818F9EAEEDA}.Release|x64.Build.0 = Release|Any CPU
		{8026F387-C62E-4D35-8BD6-F818F9EAEEDA}.Release|x86.ActiveCfg = Release|Any CPU
		{8026F387-C62E-4D35-8BD6-F818F9EAEEDA}.Release|x86.Build.0 = Release|Any CPU
		{747ABDD6-0AD6-497B-BD73-8BDC2D8ED12E}.Debug|Any CPU.ActiveCfg = Debug|Any CPU
		{747ABDD6-0AD6-497B-BD73-8BDC2D8ED12E}.Debug|Any CPU.Build.0 = Debug|Any CPU
		{747ABDD6-0AD6-497B-BD73-8BDC2D8ED12E}.Debug|x64.ActiveCfg = Debug|Any CPU
		{747ABDD6-0AD6-497B-BD73-8BDC2D8ED12E}.Debug|x64.Build.0 = Debug|Any CPU
		{747ABDD6-0AD6-497B-BD73-8BDC2D8ED12E}.Debug|x86.ActiveCfg = Debug|Any CPU
		{747ABDD6-0AD6-497B-BD73-8BDC2D8ED12E}.Debug|x86.Build.0 = Debug|Any CPU
		{747ABDD6-0AD6-497B-BD73-8BDC2D8ED12E}.Release|Any CPU.ActiveCfg = Release|Any CPU
		{747ABDD6-0AD6-497B-BD73-8BDC2D8ED12E}.Release|Any CPU.Build.0 = Release|Any CPU
		{747ABDD6-0AD6-497B-BD73-8BDC2D8ED12E}.Release|x64.ActiveCfg = Release|Any CPU
		{747ABDD6-0AD6-497B-BD73-8BDC2D8ED12E}.Release|x64.Build.0 = Release|Any CPU
		{747ABDD6-0AD6-497B-BD73-8BDC2D8ED12E}.Release|x86.ActiveCfg = Release|Any CPU
		{747ABDD6-0AD6-497B-BD73-8BDC2D8ED12E}.Release|x86.Build.0 = Release|Any CPU
		{5FC31367-3EDF-48AE-96E0-D6B13226D19B}.Debug|Any CPU.ActiveCfg = Debug|Any CPU
		{5FC31367-3EDF-48AE-96E0-D6B13226D19B}.Debug|Any CPU.Build.0 = Debug|Any CPU
		{5FC31367-3EDF-48AE-96E0-D6B13226D19B}.Debug|x64.ActiveCfg = Debug|Any CPU
		{5FC31367-3EDF-48AE-96E0-D6B13226D19B}.Debug|x64.Build.0 = Debug|Any CPU
		{5FC31367-3EDF-48AE-96E0-D6B13226D19B}.Debug|x86.ActiveCfg = Debug|Any CPU
		{5FC31367-3EDF-48AE-96E0-D6B13226D19B}.Debug|x86.Build.0 = Debug|Any CPU
		{5FC31367-3EDF-48AE-96E0-D6B13226D19B}.Release|Any CPU.ActiveCfg = Release|Any CPU
		{5FC31367-3EDF-48AE-96E0-D6B13226D19B}.Release|Any CPU.Build.0 = Release|Any CPU
		{5FC31367-3EDF-48AE-96E0-D6B13226D19B}.Release|x64.ActiveCfg = Release|Any CPU
		{5FC31367-3EDF-48AE-96E0-D6B13226D19B}.Release|x64.Build.0 = Release|Any CPU
		{5FC31367-3EDF-48AE-96E0-D6B13226D19B}.Release|x86.ActiveCfg = Release|Any CPU
		{5FC31367-3EDF-48AE-96E0-D6B13226D19B}.Release|x86.Build.0 = Release|Any CPU
	EndGlobalSection
	GlobalSection(SolutionProperties) = preSolution
		HideSolutionNode = FALSE
	EndGlobalSection
EndGlobal
